
Microsoft Visual Studio Solution File, Format Version 12.00
# Visual Studio 15
Project("{FAE04EC0-301F-11D3-BF4B-00C04F79EFBC}") = "Assembly-CSharp-Editor", "Assembly-CSharp-Editor.csproj", "{B6D67B57-457A-23A1-6E9C-ADF7308B2829}"
EndProject
Project("{FAE04EC0-301F-11D3-BF4B-00C04F79EFBC}") = "Assembly-CSharp", "Assembly-CSharp.csproj", "{3B4B51B7-C939-9D1F-8357-576D2EF46412}"
EndProject
Global
	GlobalSection(SolutionConfigurationPlatforms) = preSolution
		Debug|Any CPU = Debug|Any CPU
		Release|Any CPU = Release|Any CPU
	EndGlobalSection
	GlobalSection(ProjectConfigurationPlatforms) = postSolution
		{B6D67B57-457A-23A1-6E9C-ADF7308B2829}.Debug|Any CPU.ActiveCfg = Debug|Any CPU
		{B6D67B57-457A-23A1-6E9C-ADF7308B2829}.Debug|Any CPU.Build.0 = Debug|Any CPU
		{B6D67B57-457A-23A1-6E9C-ADF7308B2829}.Release|Any CPU.ActiveCfg = Release|Any CPU
		{B6D67B57-457A-23A1-6E9C-ADF7308B2829}.Release|Any CPU.Build.0 = Release|Any CPU
		{3B4B51B7-C939-9D1F-8357-576D2EF46412}.Debug|Any CPU.ActiveCfg = Debug|Any CPU
		{3B4B51B7-C939-9D1F-8357-576D2EF46412}.Debug|Any CPU.Build.0 = Debug|Any CPU
		{3B4B51B7-C939-9D1F-8357-576D2EF46412}.Release|Any CPU.ActiveCfg = Release|Any CPU
		{3B4B51B7-C939-9D1F-8357-576D2EF46412}.Release|Any CPU.Build.0 = Release|Any CPU
	EndGlobalSection
	GlobalSection(SolutionProperties) = preSolution
		HideSolutionNode = FALSE
	EndGlobalSection
EndGlobal
